hash: 671e1bd18bba0ba61893646df9e79946b2b643afc9df0ce809ccd46d35bc66d7
updated: 2016-01-22T22:11:25.584524329Z
imports:
- name: github.com/codegangsta/cli
  version: f9cc3001e04f9783cb4ad08ca6791aa07134787c
- name: github.com/fsouza/go-dockerclient
  version: 25bc220b299845ae5489fd19bf89c5278864b050
devImports: []
